// !$*UTF8*$!
{
	archiveVersion = 1;
	classes = {
	};
	objectVersion = 56;
	objects = {

/* Begin PBXBuildFile section */
		0B735A282C5142B700A8651A /* PraticaMockApp.swift in Sources */ = {isa = PBXBuildFile; fileRef = 0B735A272C5142B700A8651A /* PraticaMockApp.swift */; };
		0B735A2A2C5142B700A8651A /* ContentView.swift in Sources */ = {isa = PBXBuildFile; fileRef = 0B735A292C5142B700A8651A /* ContentView.swift */; };
		0B735A2C2C5142B900A8651A /* Assets.xcassets in Resources */ = {isa = PBXBuildFile; fileRef = 0B735A2B2C5142B900A8651A /* Assets.xcassets */; };
		0B735A2F2C5142B900A8651A /* Preview Assets.xcassets in Resources */ = {isa = PBXBuildFile; fileRef = 0B735A2E2C5142B900A8651A /* Preview Assets.xcassets */; };
		0B735A392C5142B900A8651A /* APODViewModelTests.swift in Sources */ = {isa = PBXBuildFile; fileRef = 0B735A382C5142B900A8651A /* APODViewModelTests.swift */; };
		0B735A432C5142B900A8651A /* PraticaMockUITests.swift in Sources */ = {isa = PBXBuildFile; fileRef = 0B735A422C5142B900A8651A /* PraticaMockUITests.swift */; };
		0B735A452C5142B900A8651A /* PraticaMockUITestsLaunchTests.swift in Sources */ = {isa = PBXBuildFile; fileRef = 0B735A442C5142B900A8651A /* PraticaMockUITestsLaunchTests.swift */; };
		0B735A522C5146A600A8651A /* Picture.swift in Sources */ = {isa = PBXBuildFile; fileRef = 0B735A512C5146A600A8651A /* Picture.swift */; };
		0B735A552C51807D00A8651A /* MockNetworkManager.swift in Sources */ = {isa = PBXBuildFile; fileRef = 0B735A542C51807D00A8651A /* MockNetworkManager.swift */; };
/* End PBXBuildFile section */

/* Begin PBXContainerItemProxy section */
		0B735A352C5142B900A8651A /* PBXContainerItemProxy */ = {
			isa = PBXContainerItemProxy;
			containerPortal = 0B735A1C2C5142B700A8651A /* Project object */;
			proxyType = 1;
			remoteGlobalIDString = 0B735A232C5142B700A8651A;
			remoteInfo = PraticaMock;
		};
		0B735A3F2C5142B900A8651A /* PBXContainerItemProxy */ = {
			isa = PBXContainerItemProxy;
			containerPortal = 0B735A1C2C5142B700A8651A /* Project object */;
			proxyType = 1;
			remoteGlobalIDString = 0B735A232C5142B700A8651A;
			remoteInfo = PraticaMock;
		};
/* End PBXContainerItemProxy section */

/* Begin PBXFileReference section */
		0B735A242C5142B700A8651A /* PraticaMock.app */ = {isa = PBXFileReference; explicitFileType = wrapper.application; includeInIndex = 0; path = PraticaMock.app; sourceTree = BUILT_PRODUCTS_DIR; };
		0B735A272C5142B700A8651A /* PraticaMockApp.swift */ = {isa = PBXFileReference; lastKnownFileType = sourcecode.swift; path = PraticaMockApp.swift; sourceTree = "<group>"; };
		0B735A292C5142B700A8651A /* ContentView.swift */ = {isa = PBXFileReference; lastKnownFileType = sourcecode.swift; path = ContentView.swift; sourceTree = "<group>"; };
		0B735A2B2C5142B900A8651A /* Assets.xcassets */ = {isa = PBXFileReference; lastKnownFileType = folder.assetcatalog; path = Assets.xcassets; sourceTree = "<group>"; };
		0B735A2E2C5142B900A8651A /* Preview Assets.xcassets */ = {isa = PBXFileReference; lastKnownFileType = folder.assetcatalog; path = "Preview Assets.xcassets"; sourceTree = "<group>"; };
		0B735A342C5142B900A8651A /* PraticaMockTests.xctest */ = {isa = PBXFileReference; explicitFileType = wrapper.cfbundle; includeInIndex = 0; path = PraticaMockTests.xctest; sourceTree = BUILT_PRODUCTS_DIR; };
		0B735A382C5142B900A8651A /* APODViewModelTests.swift */ = {isa = PBXFileReference; lastKnownFileType = sourcecode.swift; path = APODViewModelTests.swift; sourceTree = "<group>"; };
		0B735A3E2C5142B900A8651A /* PraticaMockUITests.xctest */ = {isa = PBXFileReference; explicitFileType = wrapper.cfbundle; includeInIndex = 0; path = PraticaMockUITests.xctest; sourceTree = BUILT_PRODUCTS_DIR; };
		0B735A422C5142B900A8651A /* PraticaMockUITests.swift */ = {isa = PBXFileReference; lastKnownFileType = sourcecode.swift; path = PraticaMockUITests.swift; sourceTree = "<group>"; };
		0B735A442C5142B900A8651A /* PraticaMockUITestsLaunchTests.swift */ = {isa = PBXFileReference; lastKnownFileType = sourcecode.swift; path = PraticaMockUITestsLaunchTests.swift; sourceTree = "<group>"; };
		0B735A512C5146A600A8651A /* Picture.swift */ = {isa = PBXFileReference; lastKnownFileType = sourcecode.swift; path = Picture.swift; sourceTree = "<group>"; };
		0B735A542C51807D00A8651A /* MockNetworkManager.swift */ = {isa = PBXFileReference; lastKnownFileType = sourcecode.swift; path = MockNetworkManager.swift; sourceTree = "<group>"; };
/* End PBXFileReference section */

/* Begin PBXFrameworksBuildPhase section */
		0B735A212C5142B700A8651A /* Frameworks */ = {
			isa = PBXFrameworksBuildPhase;
			buildActionMask = 2147483647;
			files = (
			);
			runOnlyForDeploymentPostprocessing = 0;
		};
		0B735A312C5142B900A8651A /* Frameworks */ = {
			isa = PBXFrameworksBuildPhase;
			buildActionMask = 2147483647;
			files = (
			);
			runOnlyForDeploymentPostprocessing = 0;
		};
		0B735A3B2C5142B900A8651A /* Frameworks */ = {
			isa = PBXFrameworksBuildPhase;
			buildActionMask = 2147483647;
			files = (
			);
			runOnlyForDeploymentPostprocessing = 0;
		};
/* End PBXFrameworksBuildPhase section */

/* Begin PBXGroup section */
		0B735A1B2C5142B700A8651A = {
			isa = PBXGroup;
			children = (
				0B735A262C5142B700A8651A /* PraticaMock */,
				0B735A372C5142B900A8651A /* PraticaMockTests */,
				0B735A412C5142B900A8651A /* PraticaMockUITests */,
				0B735A252C5142B700A8651A /* Products */,
			);
			sourceTree = "<group>";
		};
		0B735A252C5142B700A8651A /* Products */ = {
			isa = PBXGroup;
			children = (
				0B735A242C5142B700A8651A /* PraticaMock.app */,
				0B735A342C5142B900A8651A /* PraticaMockTests.xctest */,
				0B735A3E2C5142B900A8651A /* PraticaMockUITests.xctest */,
			);
			name = Products;
			sourceTree = "<group>";
		};
		0B735A262C5142B700A8651A /* PraticaMock */ = {
			isa = PBXGroup;
			children = (
				0B735A272C5142B700A8651A /* PraticaMockApp.swift */,
				0B735A292C5142B700A8651A /* ContentView.swift */,
				0B735A2B2C5142B900A8651A /* Assets.xcassets */,
				0B735A2D2C5142B900A8651A /* Preview Content */,
				0B735A512C5146A600A8651A /* Picture.swift */,
			);
			path = PraticaMock;
			sourceTree = "<group>";
		};
		0B735A2D2C5142B900A8651A /* Preview Content */ = {
			isa = PBXGroup;
			children = (
				0B735A2E2C5142B900A8651A /* Preview Assets.xcassets */,
			);
			path = "Preview Content";
			sourceTree = "<group>";
		};
		0B735A372C5142B900A8651A /* PraticaMockTests */ = {
			isa = PBXGroup;
			children = (
				0B735A532C515CD700A8651A /* NetworkTests */,
			);
			path = PraticaMockTests;
			sourceTree = "<group>";
		};
		0B735A412C5142B900A8651A /* PraticaMockUITests */ = {
			isa = PBXGroup;
			children = (
				0B735A422C5142B900A8651A /* PraticaMockUITests.swift */,
				0B735A442C5142B900A8651A /* PraticaMockUITestsLaunchTests.swift */,
			);
			path = PraticaMockUITests;
			sourceTree = "<group>";
		};
		0B735A532C515CD700A8651A /* NetworkTests */ = {
			isa = PBXGroup;
			children = (
				0B735A382C5142B900A8651A /* APODViewModelTests.swift */,
				0B735A542C51807D00A8651A /* MockNetworkManager.swift */,
			);
			path = NetworkTests;
			sourceTree = "<group>";
		};
/* End PBXGroup section */

/* Begin PBXNativeTarget section */
		0B735A232C5142B700A8651A /* PraticaMock */ = {
			isa = PBXNativeTarget;
			buildConfigurationList = 0B735A482C5142B900A8651A /* Build configuration list for PBXNativeTarget "PraticaMock" */;
			buildPhases = (
				0B735A202C5142B700A8651A /* Sources */,
				0B735A212C5142B700A8651A /* Frameworks */,
				0B735A222C5142B700A8651A /* Resources */,
			);
			buildRules = (
			);
			dependencies = (
			);
			name = PraticaMock;
			productName = PraticaMock;
			productReference = 0B735A242C5142B700A8651A /* PraticaMock.app */;
			productType = "com.apple.product-type.application";
		};
		0B735A332C5142B900A8651A /* PraticaMockTests */ = {
			isa = PBXNativeTarget;
			buildConfigurationList = 0B735A4B2C5142B900A8651A /* Build configuration list for PBXNativeTarget "PraticaMockTests" */;
			buildPhases = (
				0B735A302C5142B900A8651A /* Sources */,
				0B735A312C5142B900A8651A /* Frameworks */,
				0B735A322C5142B900A8651A /* Resources */,
			);
			buildRules = (
			);
			dependencies = (
				0B735A362C5142B900A8651A /* PBXTargetDependency */,
			);
			name = PraticaMockTests;
			productName = PraticaMockTests;
			productReference = 0B735A342C5142B900A8651A /* PraticaMockTests.xctest */;
			productType = "com.apple.product-type.bundle.unit-test";
		};
		0B735A3D2C5142B900A8651A /* PraticaMockUITests */ = {
			isa = PBXNativeTarget;
			buildConfigurationList = 0B735A4E2C5142B900A8651A /* Build configuration list for PBXNativeTarget "PraticaMockUITests" */;
			buildPhases = (
				0B735A3A2C5142B900A8651A /* Sources */,
				0B735A3B2C5142B900A8651A /* Frameworks */,
				0B735A3C2C5142B900A8651A /* Resources */,
			);
			buildRules = (
			);
			dependencies = (
				0B735A402C5142B900A8651A /* PBXTargetDependency */,
			);
			name = PraticaMockUITests;
			productName = PraticaMockUITests;
			productReference = 0B735A3E2C5142B900A8651A /* PraticaMockUITests.xctest */;
			productType = "com.apple.product-type.bundle.ui-testing";
		};
/* End PBXNativeTarget section */

/* Begin PBXProject section */
		0B735A1C2C5142B700A8651A /* Project object */ = {
			isa = PBXProject;
			attributes = {
				BuildIndependentTargetsInParallel = 1;
				LastSwiftUpdateCheck = 1540;
				LastUpgradeCheck = 1540;
				TargetAttributes = {
					0B735A232C5142B700A8651A = {
						CreatedOnToolsVersion = 15.4;
					};
					0B735A332C5142B900A8651A = {
						CreatedOnToolsVersion = 15.4;
						TestTargetID = 0B735A232C5142B700A8651A;
					};
					0B735A3D2C5142B900A8651A = {
						CreatedOnToolsVersion = 15.4;
						TestTargetID = 0B735A232C5142B700A8651A;
					};
				};
			};
			buildConfigurationList = 0B735A1F2C5142B700A8651A /* Build configuration list for PBXProject "PraticaMock" */;
			compatibilityVersion = "Xcode 14.0";
			developmentRegion = en;
			hasScannedForEncodings = 0;
			knownRegions = (
				en,
				Base,
			);
			mainGroup = 0B735A1B2C5142B700A8651A;
			productRefGroup = 0B735A252C5142B700A8651A /* Products */;
			projectDirPath = "";
			projectRoot = "";
			targets = (
				0B735A232C5142B700A8651A /* PraticaMock */,
				0B735A332C5142B900A8651A /* PraticaMockTests */,
				0B735A3D2C5142B900A8651A /* PraticaMockUITests */,
			);
		};
/* End PBXProject section */

/* Begin PBXResourcesBuildPhase section */
		0B735A222C5142B700A8651A /* Resources */ = {
			isa = PBXResourcesBuildPhase;
			buildActionMask = 2147483647;
			files = (
				0B735A2F2C5142B900A8651A /* Preview Assets.xcassets in Resources */,
				0B735A2C2C5142B900A8651A /* Assets.xcassets in Resources */,
			);
			runOnlyForDeploymentPostprocessing = 0;
		};
		0B735A322C5142B900A8651A /* Resources */ = {
			isa = PBXResourcesBuildPhase;
			buildActionMask = 2147483647;
			files = (
			);
			runOnlyForDeploymentPostprocessing = 0;
		};
		0B735A3C2C5142B900A8651A /* Resources */ = {
			isa = PBXResourcesBuildPhase;
			buildActionMask = 2147483647;
			files = (
			);
			runOnlyForDeploymentPostprocessing = 0;
		};
/* End PBXResourcesBuildPhase section */

/* Begin PBXSourcesBuildPhase section */
		0B735A202C5142B700A8651A /* Sources */ = {
			isa = PBXSourcesBuildPhase;
			buildActionMask = 2147483647;
			files = (
				0B735A522C5146A600A8651A /* Picture.swift in Sources */,
				0B735A2A2C5142B700A8651A /* ContentView.swift in Sources */,
				0B735A282C5142B700A8651A /* PraticaMockApp.swift in Sources */,
			);
			runOnlyForDeploymentPostprocessing = 0;
		};
		0B735A302C5142B900A8651A /* Sources */ = {
			isa = PBXSourcesBuildPhase;
			buildActionMask = 2147483647;
			files = (
				0B735A552C51807D00A8651A /* MockNetworkManager.swift in Sources */,
				0B735A392C5142B900A8651A /* APODViewModelTests.swift in Sources */,
			);
			runOnlyForDeploymentPostprocessing = 0;
		};
		0B735A3A2C5142B900A8651A /* Sources */ = {
			isa = PBXSourcesBuildPhase;
			buildActionMask = 2147483647;
			files = (
				0B735A432C5142B900A8651A /* PraticaMockUITests.swift in Sources */,
				0B735A452C5142B900A8651A /* PraticaMockUITestsLaunchTests.swift in Sources */,
			);
			runOnlyForDeploymentPostprocessing = 0;
		};
/* End PBXSourcesBuildPhase section */

/* Begin PBXTargetDependency section */
		0B735A362C5142B900A8651A /* PBXTargetDependency */ = {
			isa = PBXTargetDependency;
			target = 0B735A232C5142B700A8651A /* PraticaMock */;
			targetProxy = 0B735A352C5142B900A8651A /* PBXContainerItemProxy */;
		};
		0B735A402C5142B900A8651A /* PBXTargetDependency */ = {
			isa = PBXTargetDependency;
			target = 0B735A232C5142B700A8651A /* PraticaMock */;
			targetProxy = 0B735A3F2C5142B900A8651A /* PBXContainerItemProxy */;
		};
/* End PBXTargetDependency section */

/* Begin XCBuildConfiguration section */
		0B735A462C5142B900A8651A /* Debug */ = {
			isa = XCBuildConfiguration;
			buildSettings = {
				ALWAYS_SEARCH_USER_PATHS = NO;
				ASSETCATALOG_COMPILER_GENERATE_SWIFT_ASSET_SYMBOL_EXTENSIONS = YES;
				CLANG_ANALYZER_NONNULL = YES;
				CLANG_ANALYZER_NUMBER_OBJECT_CONVERSION = YES_AGGRESSIVE;
				CLANG_CXX_LANGUAGE_STANDARD = "gnu++20";
				CLANG_ENABLE_MODULES = YES;
				CLANG_ENABLE_OBJC_ARC = YES;
				CLANG_ENABLE_OBJC_WEAK = YES;
				CLANG_WARN_BLOCK_CAPTURE_AUTORELEASING = YES;
				CLANG_WARN_BOOL_CONVERSION = YES;
				CLANG_WARN_COMMA = YES;
				CLANG_WARN_CONSTANT_CONVERSION = YES;
				CLANG_WARN_DEPRECATED_OBJC_IMPLEMENTATIONS = YES;
				CLANG_WARN_DIRECT_OBJC_ISA_USAGE = YES_ERROR;
				CLANG_WARN_DOCUMENTATION_COMMENTS = YES;
				CLANG_WARN_EMPTY_BODY = YES;
				CLANG_WARN_ENUM_CONVERSION = YES;
				CLANG_WARN_INFINITE_RECURSION = YES;
				CLANG_WARN_INT_CONVERSION = YES;
				CLANG_WARN_NON_LITERAL_NULL_CONVERSION = YES;
				CLANG_WARN_OBJC_IMPLICIT_RETAIN_SELF = YES;
				CLANG_WARN_OBJC_LITERAL_CONVERSION = YES;
				CLANG_WARN_OBJC_ROOT_CLASS = YES_ERROR;
				CLANG_WARN_QUOTED_INCLUDE_IN_FRAMEWORK_HEADER = YES;
				CLANG_WARN_RANGE_LOOP_ANALYSIS = YES;
				CLANG_WARN_STRICT_PROTOTYPES = YES;
				CLANG_WARN_SUSPICIOUS_MOVE = YES;
				CLANG_WARN_UNGUARDED_AVAILABILITY = YES_AGGRESSIVE;
				CLANG_WARN_UNREACHABLE_CODE = YES;
				CLANG_WARN__DUPLICATE_METHOD_MATCH = YES;
				COPY_PHASE_STRIP = NO;
				DEBUG_INFORMATION_FORMAT = dwarf;
				ENABLE_STRICT_OBJC_MSGSEND = YES;
				ENABLE_TESTABILITY = YES;
				ENABLE_USER_SCRIPT_SANDBOXING = YES;
				GCC_C_LANGUAGE_STANDARD = gnu17;
				GCC_DYNAMIC_NO_PIC = NO;
				GCC_NO_COMMON_BLOCKS = YES;
				GCC_OPTIMIZATION_LEVEL = 0;
				GCC_PREPROCESSOR_DEFINITIONS = (
					"DEBUG=1",
					"$(inherited)",
				);
				GCC_WARN_64_TO_32_BIT_CONVERSION = YES;
				GCC_WARN_ABOUT_RETURN_TYPE = YES_ERROR;
				GCC_WARN_UNDECLARED_SELECTOR = YES;
				GCC_WARN_UNINITIALIZED_AUTOS = YES_AGGRESSIVE;
				GCC_WARN_UNUSED_FUNCTION = YES;
				GCC_WARN_UNUSED_VARIABLE = YES;
				IPHONEOS_DEPLOYMENT_TARGET = 17.5;
				LOCALIZATION_PREFERS_STRING_CATALOGS = YES;
				MTL_ENABLE_DEBUG_INFO = INCLUDE_SOURCE;
				MTL_FAST_MATH = YES;
				ONLY_ACTIVE_ARCH = YES;
				SDKROOT = iphoneos;
				SWIFT_ACTIVE_COMPILATION_CONDITIONS = "DEBUG $(inherited)";
				SWIFT_OPTIMIZATION_LEVEL = "-Onone";
			};
			name = Debug;
		};
		0B735A472C5142B900A8651A /* Release */ = {
			isa = XCBuildConfiguration;
			buildSettings = {
				ALWAYS_SEARCH_USER_PATHS = NO;
				ASSETCATALOG_COMPILER_GENERATE_SWIFT_ASSET_SYMBOL_EXTENSIONS = YES;
				CLANG_ANALYZER_NONNULL = YES;
				CLANG_ANALYZER_NUMBER_OBJECT_CONVERSION = YES_AGGRESSIVE;
				CLANG_CXX_LANGUAGE_STANDARD = "gnu++20";
				CLANG_ENABLE_MODULES = YES;
				CLANG_ENABLE_OBJC_ARC = YES;
				CLANG_ENABLE_OBJC_WEAK = YES;
				CLANG_WARN_BLOCK_CAPTURE_AUTORELEASING = YES;
				CLANG_WARN_BOOL_CONVERSION = YES;
				CLANG_WARN_COMMA = YES;
				CLANG_WARN_CONSTANT_CONVERSION = YES;
				CLANG_WARN_DEPRECATED_OBJC_IMPLEMENTATIONS = YES;
				CLANG_WARN_DIRECT_OBJC_ISA_USAGE = YES_ERROR;
				CLANG_WARN_DOCUMENTATION_COMMENTS = YES;
				CLANG_WARN_EMPTY_BODY = YES;
				CLANG_WARN_ENUM_CONVERSION = YES;
				CLANG_WARN_INFINITE_RECURSION = YES;
				CLANG_WARN_INT_CONVERSION = YES;
				CLANG_WARN_NON_LITERAL_NULL_CONVERSION = YES;
				CLANG_WARN_OBJC_IMPLICIT_RETAIN_SELF = YES;
				CLANG_WARN_OBJC_LITERAL_CONVERSION = YES;
				CLANG_WARN_OBJC_ROOT_CLASS = YES_ERROR;
				CLANG_WARN_QUOTED_INCLUDE_IN_FRAMEWORK_HEADER = YES;
				CLANG_WARN_RANGE_LOOP_ANALYSIS = YES;
				CLANG_WARN_STRICT_PROTOTYPES = YES;
				CLANG_WARN_SUSPICIOUS_MOVE = YES;
				CLANG_WARN_UNGUARDED_AVAILABILITY = YES_AGGRESSIVE;
				CLANG_WARN_UNREACHABLE_CODE = YES;
				CLANG_WARN__DUPLICATE_METHOD_MATCH = YES;
				COPY_PHASE_STRIP = NO;
				DEBUG_INFORMATION_FORMAT = "dwarf-with-dsym";
				ENABLE_NS_ASSERTIONS = NO;
				ENABLE_STRICT_OBJC_MSGSEND = YES;
				ENABLE_USER_SCRIPT_SANDBOXING = YES;
				GCC_C_LANGUAGE_STANDARD = gnu17;
				GCC_NO_COMMON_BLOCKS = YES;
				GCC_WARN_64_TO_32_BIT_CONVERSION = YES;
				GCC_WARN_ABOUT_RETURN_TYPE = YES_ERROR;
				GCC_WARN_UNDECLARED_SELECTOR = YES;
				GCC_WARN_UNINITIALIZED_AUTOS = YES_AGGRESSIVE;
				GCC_WARN_UNUSED_FUNCTION = YES;
				GCC_WARN_UNUSED_VARIABLE = YES;
				IPHONEOS_DEPLOYMENT_TARGET = 17.5;
				LOCALIZATION_PREFERS_STRING_CATALOGS = YES;
				MTL_ENABLE_DEBUG_INFO = NO;
				MTL_FAST_MATH = YES;
				SDKROOT = iphoneos;
				SWIFT_COMPILATION_MODE = wholemodule;
				VALIDATE_PRODUCT = YES;
			};
			name = Release;
		};
		0B735A492C5142B900A8651A /* Debug */ = {
			isa = XCBuildConfiguration;
			buildSettings = {
				ASSETCATALOG_COMPILER_APPICON_NAME = AppIcon;
				ASSETCATALOG_COMPILER_GLOBAL_ACCENT_COLOR_NAME = AccentColor;
				CODE_SIGN_STYLE = Automatic;
				CURRENT_PROJECT_VERSION = 1;
				DEVELOPMENT_ASSET_PATHS = "\"PraticaMock/Preview Content\"";
				DEVELOPMENT_TEAM = KDV83NBV8H;
				ENABLE_PREVIEWS = YES;
				GENERATE_INFOPLIST_FILE = YES;
				INFOPLIST_KEY_UIApplicationSceneManifest_Generation = YES;
				INFOPLIST_KEY_UIApplicationSupportsIndirectInputEvents = YES;
				INFOPLIST_KEY_UILaunchScreen_Generation = YES;
				INFOPLIST_KEY_UISupportedInterfaceOrientations_iPad = "UIInterfaceOrientationPortrait UIInterfaceOrientationPortraitUpsideDown UIInterfaceOrientationLandscapeLeft UIInterfaceOrientationLandscapeRight";
				INFOPLIST_KEY_UISupportedInterfaceOrientations_iPhone = "UIInterfaceOrientationPortrait UIInterfaceOrientationLandscapeLeft UIInterfaceOrientationLandscapeRight";
				LD_RUNPATH_SEARCH_PATHS = (
					"$(inherited)",
					"@executable_path/Frameworks",
				);
				MARKETING_VERSION = 1.0;
				PRODUCT_BUNDLE_IDENTIFIER = com.lais.PraticaMock;
				PRODUCT_NAME = "$(TARGET_NAME)";
				SWIFT_EMIT_LOC_STRINGS = YES;
				SWIFT_VERSION = 5.0;
				TARGETED_DEVICE_FAMILY = "1,2";
			};
			name = Debug;
		};
		0B735A4A2C5142B900A8651A /* Release */ = {
			isa = XCBuildConfiguration;
			buildSettings = {
				ASSETCATALOG_COMPILER_APPICON_NAME = AppIcon;
				ASSETCATALOG_COMPILER_GLOBAL_ACCENT_COLOR_NAME = AccentColor;
				CODE_SIGN_STYLE = Automatic;
				CURRENT_PROJECT_VERSION = 1;
				DEVELOPMENT_ASSET_PATHS = "\"PraticaMock/Preview Content\"";
				DEVELOPMENT_TEAM = KDV83NBV8H;
				ENABLE_PREVIEWS = YES;
				GENERATE_INFOPLIST_FILE = YES;
				INFOPLIST_KEY_UIApplicationSceneManifest_Generation = YES;
				INFOPLIST_KEY_UIApplicationSupportsIndirectInputEvents = YES;
				INFOPLIST_KEY_UILaunchScreen_Generation = YES;
				INFOPLIST_KEY_UISupportedInterfaceOrientations_iPad = "UIInterfaceOrientationPortrait UIInterfaceOrientationPortraitUpsideDown UIInterfaceOrientationLandscapeLeft UIInterfaceOrientationLandscapeRight";
				INFOPLIST_KEY_UISupportedInterfaceOrientations_iPhone = "UIInterfaceOrientationPortrait UIInterfaceOrientationLandscapeLeft UIInterfaceOrientationLandscapeRight";
				LD_RUNPATH_SEARCH_PATHS = (
					"$(inherited)",
					"@executable_path/Frameworks",
				);
				MARKETING_VERSION = 1.0;
				PRODUCT_BUNDLE_IDENTIFIER = com.lais.PraticaMock;
				PRODUCT_NAME = "$(TARGET_NAME)";
				SWIFT_EMIT_LOC_STRINGS = YES;
				SWIFT_VERSION = 5.0;
				TARGETED_DEVICE_FAMILY = "1,2";
			};
			name = Release;
		};
		0B735A4C2C5142B900A8651A /* Debug */ = {
			isa = XCBuildConfiguration;
			buildSettings = {
				ALWAYS_EMBED_SWIFT_STANDARD_LIBRARIES = YES;
				BUNDLE_LOADER = "$(TEST_HOST)";
				CODE_SIGN_STYLE = Automatic;
				CURRENT_PROJECT_VERSION = 1;
				DEVELOPMENT_TEAM = KDV83NBV8H;
				GENERATE_INFOPLIST_FILE = YES;
				IPHONEOS_DEPLOYMENT_TARGET = 17.5;
				MARKETING_VERSION = 1.0;
				PRODUCT_BUNDLE_IDENTIFIER = com.lais.PraticaMockTests;
				PRODUCT_NAME = "$(TARGET_NAME)";
				SWIFT_EMIT_LOC_STRINGS = NO;
				SWIFT_VERSION = 5.0;
				TARGETED_DEVICE_FAMILY = "1,2";
				TEST_HOST = "$(BUILT_PRODUCTS_DIR)/PraticaMock.app/$(BUNDLE_EXECUTABLE_FOLDER_PATH)/PraticaMock";
			};
			name = Debug;
		};
		0B735A4D2C5142B900A8651A /* Release */ = {
			isa = XCBuildConfiguration;
			buildSettings = {
				ALWAYS_EMBED_SWIFT_STANDARD_LIBRARIES = YES;
				BUNDLE_LOADER = "$(TEST_HOST)";
				CODE_SIGN_STYLE = Automatic;
				CURRENT_PROJECT_VERSION = 1;
				DEVELOPMENT_TEAM = KDV83NBV8H;
				GENERATE_INFOPLIST_FILE = YES;
				IPHONEOS_DEPLOYMENT_TARGET = 17.5;
				MARKETING_VERSION = 1.0;
				PRODUCT_BUNDLE_IDENTIFIER = com.lais.PraticaMockTests;
				PRODUCT_NAME = "$(TARGET_NAME)";
				SWIFT_EMIT_LOC_STRINGS = NO;
				SWIFT_VERSION = 5.0;
				TARGETED_DEVICE_FAMILY = "1,2";
				TEST_HOST = "$(BUILT_PRODUCTS_DIR)/PraticaMock.app/$(BUNDLE_EXECUTABLE_FOLDER_PATH)/PraticaMock";
			};
			name = Release;
		};
		0B735A4F2C5142B900A8651A /* Debug */ = {
			isa = XCBuildConfiguration;
			buildSettings = {
				ALWAYS_EMBED_SWIFT_STANDARD_LIBRARIES = YES;
				CODE_SIGN_STYLE = Automatic;
				CURRENT_PROJECT_VERSION = 1;
				DEVELOPMENT_TEAM = KDV83NBV8H;
				GENERATE_INFOPLIST_FILE = YES;
				MARKETING_VERSION = 1.0;
				PRODUCT_BUNDLE_IDENTIFIER = com.lais.PraticaMockUITests;
				PRODUCT_NAME = "$(TARGET_NAME)";
				SWIFT_EMIT_LOC_STRINGS = NO;
				SWIFT_VERSION = 5.0;
				TARGETED_DEVICE_FAMILY = "1,2";
				TEST_TARGET_NAME = PraticaMock;
			};
			name = Debug;
		};
		0B735A502C5142B900A8651A /* Release */ = {
			isa = XCBuildConfiguration;
			buildSettings = {
				ALWAYS_EMBED_SWIFT_STANDARD_LIBRARIES = YES;
				CODE_SIGN_STYLE = Automatic;
				CURRENT_PROJECT_VERSION = 1;
				DEVELOPMENT_TEAM = KDV83NBV8H;
				GENERATE_INFOPLIST_FILE = YES;
				MARKETING_VERSION = 1.0;
				PRODUCT_BUNDLE_IDENTIFIER = com.lais.PraticaMockUITests;
				PRODUCT_NAME = "$(TARGET_NAME)";
				SWIFT_EMIT_LOC_STRINGS = NO;
				SWIFT_VERSION = 5.0;
				TARGETED_DEVICE_FAMILY = "1,2";
				TEST_TARGET_NAME = PraticaMock;
			};
			name = Release;
		};
/* End XCBuildConfiguration section */

/* Begin XCConfigurationList section */
		0B735A1F2C5142B700A8651A /* Build configuration list for PBXProject "PraticaMock" */ = {
			isa = XCConfigurationList;
			buildConfigurations = (
				0B735A462C5142B900A8651A /* Debug */,
				0B735A472C5142B900A8651A /* Release */,
			);
			defaultConfigurationIsVisible = 0;
			defaultConfigurationName = Release;
		};
		0B735A482C5142B900A8651A /* Build configuration list for PBXNativeTarget "PraticaMock" */ = {
			isa = XCConfigurationList;
			buildConfigurations = (
				0B735A492C5142B900A8651A /* Debug */,
				0B735A4A2C5142B900A8651A /* Release */,
			);
			defaultConfigurationIsVisible = 0;
			defaultConfigurationName = Release;
		};
		0B735A4B2C5142B900A8651A /* Build configuration list for PBXNativeTarget "PraticaMockTests" */ = {
			isa = XCConfigurationList;
			buildConfigurations = (
				0B735A4C2C5142B900A8651A /* Debug */,
				0B735A4D2C5142B900A8651A /* Release */,
			);
			defaultConfigurationIsVisible = 0;
			defaultConfigurationName = Release;
		};
		0B735A4E2C5142B900A8651A /* Build configuration list for PBXNativeTarget "PraticaMockUITests" */ = {
			isa = XCConfigurationList;
			buildConfigurations = (
				0B735A4F2C5142B900A8651A /* Debug */,
				0B735A502C5142B900A8651A /* Release */,
			);
			defaultConfigurationIsVisible = 0;
			defaultConfigurationName = Release;
		};
/* End XCConfigurationList section */
	};
	rootObject = 0B735A1C2C5142B700A8651A /* Project object */;
}
